
Microsoft Visual Studio Solution File, Format Version 12.00
# Visual Studio Version 16
VisualStudioVersion = 16.0.29009.5
MinimumVisualStudioVersion = 10.0.40219.1
Project("{FAE04EC0-301F-11D3-BF4B-00C04F79EFBC}") = "Stacks", "Stacks\Stacks.csproj", "{09D830F7-F601-45F6-9320-CA47E54AF377}"
EndProject
Global
	GlobalSection(SolutionConfigurationPlatforms) = preSolution
		Debug|Any CPU = Debug|Any CPU
		Release|Any CPU = Release|Any CPU
	EndGlobalSection
	GlobalSection(ProjectConfigurationPlatforms) = postSolution
		{09D830F7-F601-45F6-9320-CA47E54AF377}.Debug|Any CPU.ActiveCfg = Debug|Any CPU
		{09D830F7-F601-45F6-9320-CA47E54AF377}.Debug|Any CPU.Build.0 = Debug|Any CPU
		{09D830F7-F601-45F6-9320-CA47E54AF377}.Release|Any CPU.ActiveCfg = Release|Any CPU
		{09D830F7-F601-45F6-9320-CA47E54AF377}.Release|Any CPU.Build.0 = Release|Any CPU
	EndGlobalSection
	GlobalSection(SolutionProperties) = preSolution
		HideSolutionNode = FALSE
	EndGlobalSection
	GlobalSection(ExtensibilityGlobals) = postSolution
		SolutionGuid = {3673B65C-6DFC-4FE6-9868-40982CBC3E99}
	EndGlobalSection
EndGlobal
